
Microsoft Visual Studio Solution File, Format Version 12.00
# Visual Studio Version 16
VisualStudioVersion = 16.6.30114.105
MinimumVisualStudioVersion = 10.0.40219.1
Project("{2150E333-8FDC-42A3-9474-1A3956D46DE8}") = "src", "src", "{2A3C54BA-2F68-49C0-AD17-D812B190CC0A}"
EndProject
Project("{FAE04EC0-301F-11D3-BF4B-00C04F79EFBC}") = "GradeBook", "src\GradeBook\GradeBook.csproj", "{A16AD29A-01C1-4C81-AA3A-0DB115F76A2B}"
EndProject
Project("{2150E333-8FDC-42A3-9474-1A3956D46DE8}") = "test", "test", "{E62130B2-5A64-4B82-A2EF-A3E766209858}"
EndProject
Project("{FAE04EC0-301F-11D3-BF4B-00C04F79EFBC}") = "GradeBook.Tests", "test\GradeBook.Tests\GradeBook.Tests.csproj", "{28F1EC74-1734-4556-8A49-D46613F88ADD}"
EndProject
Global
	GlobalSection(SolutionConfigurationPlatforms) = preSolution
		Debug|Any CPU = Debug|Any CPU
		Debug|x64 = Debug|x64
		Debug|x86 = Debug|x86
		Release|Any CPU = Release|Any CPU
		Release|x64 = Release|x64
		Release|x86 = Release|x86
	EndGlobalSection
	GlobalSection(SolutionProperties) = preSolution
		HideSolutionNode = FALSE
	EndGlobalSection
	GlobalSection(ProjectConfigurationPlatforms) = postSolution
		{A16AD29A-01C1-4C81-AA3A-0DB115F76A2B}.Debug|Any CPU.ActiveCfg = Debug|Any CPU
		{A16AD29A-01C1-4C81-AA3A-0DB115F76A2B}.Debug|Any CPU.Build.0 = Debug|Any CPU
		{A16AD29A-01C1-4C81-AA3A-0DB115F76A2B}.Debug|x64.ActiveCfg = Debug|Any CPU
		{A16AD29A-01C1-4C81-AA3A-0DB115F76A2B}.Debug|x64.Build.0 = Debug|Any CPU
		{A16AD29A-01C1-4C81-AA3A-0DB115F76A2B}.Debug|x86.ActiveCfg = Debug|Any CPU
		{A16AD29A-01C1-4C81-AA3A-0DB115F76A2B}.Debug|x86.Build.0 = Debug|Any CPU
		{A16AD29A-01C1-4C81-AA3A-0DB115F76A2B}.Release|Any CPU.ActiveCfg = Release|Any CPU
		{A16AD29A-01C1-4C81-AA3A-0DB115F76A2B}.Release|Any CPU.Build.0 = Release|Any CPU
		{A16AD29A-01C1-4C81-AA3A-0DB115F76A2B}.Release|x64.ActiveCfg = Release|Any CPU
		{A16AD29A-01C1-4C81-AA3A-0DB115F76A2B}.Release|x64.Build.0 = Release|Any CPU
		{A16AD29A-01C1-4C81-AA3A-0DB115F76A2B}.Release|x86.ActiveCfg = Release|Any CPU
		{A16AD29A-01C1-4C81-AA3A-0DB115F76A2B}.Release|x86.Build.0 = Release|Any CPU
		{28F1EC74-1734-4556-8A49-D46613F88ADD}.Debug|Any CPU.ActiveCfg = Debug|Any CPU
		{28F1EC74-1734-4556-8A49-D46613F88ADD}.Debug|Any CPU.Build.0 = Debug|Any CPU
		{28F1EC74-1734-4556-8A49-D46613F88ADD}.Debug|x64.ActiveCfg = Debug|Any CPU
		{28F1EC74-1734-4556-8A49-D46613F88ADD}.Debug|x64.Build.0 = Debug|Any CPU
		{28F1EC74-1734-4556-8A49-D46613F88ADD}.Debug|x86.ActiveCfg = Debug|Any CPU
		{28F1EC74-1734-4556-8A49-D46613F88ADD}.Debug|x86.Build.0 = Debug|Any CPU
		{28F1EC74-1734-4556-8A49-D46613F88ADD}.Release|Any CPU.ActiveCfg = Release|Any CPU
		{28F1EC74-1734-4556-8A49-D46613F88ADD}.Release|Any CPU.Build.0 = Release|Any CPU
		{28F1EC74-1734-4556-8A49-D46613F88ADD}.Release|x64.ActiveCfg = Release|Any CPU
		{28F1EC74-1734-4556-8A49-D46613F88ADD}.Release|x64.Build.0 = Release|Any CPU
		{28F1EC74-1734-4556-8A49-D46613F88ADD}.Release|x86.ActiveCfg = Release|Any CPU
		{28F1EC74-1734-4556-8A49-D46613F88ADD}.Release|x86.Build.0 = Release|Any CPU
	EndGlobalSection
	GlobalSection(NestedProjects) = preSolution
		{A16AD29A-01C1-4C81-AA3A-0DB115F76A2B} = {2A3C54BA-2F68-49C0-AD17-D812B190CC0A}
		{28F1EC74-1734-4556-8A49-D46613F88ADD} = {E62130B2-5A64-4B82-A2EF-A3E766209858}
	EndGlobalSection
EndGlobal
